// !$*UTF8*$!
{
	archiveVersion = 1;
	classes = {
	};
	objectVersion = 51;
	objects = {

/* Begin PBXBuildFile section */
		3C09FC7724C228AC0080FAF3 /* PositionManager.swift in Sources */ = {isa = PBXBuildFile; fileRef = 3C09FC7624C228AC0080FAF3 /* PositionManager.swift */; };
		3C1C61A224BE944600D19EEF /* WeatherDataStruct.swift in Sources */ = {isa = PBXBuildFile; fileRef = 3C1C61A124BE944600D19EEF /* WeatherDataStruct.swift */; };
		3C2CA5C624BDE24F007E0DB2 /* DaysTableViewCell.swift in Sources */ = {isa = PBXBuildFile; fileRef = 3C2CA5C424BDE24F007E0DB2 /* DaysTableViewCell.swift */; };
		3C2CA5C724BDE24F007E0DB2 /* DaysTableViewCell.xib in Resources */ = {isa = PBXBuildFile; fileRef = 3C2CA5C524BDE24F007E0DB2 /* DaysTableViewCell.xib */; };
		3C2CA5CA24BDE298007E0DB2 /* HourlyTableViewCell.swift in Sources */ = {isa = PBXBuildFile; fileRef = 3C2CA5C824BDE298007E0DB2 /* HourlyTableViewCell.swift */; };
		3C2CA5CB24BDE298007E0DB2 /* HourlyTableViewCell.xib in Resources */ = {isa = PBXBuildFile; fileRef = 3C2CA5C924BDE298007E0DB2 /* HourlyTableViewCell.xib */; };
		3C2CA5CF24BDFF50007E0DB2 /* MapViewController.swift in Sources */ = {isa = PBXBuildFile; fileRef = 3C2CA5CE24BDFF50007E0DB2 /* MapViewController.swift */; };
		3C4BDBF124C1625E00A0E889 /* HorizontalCollectionViewCell.swift in Sources */ = {isa = PBXBuildFile; fileRef = 3C4BDBEF24C1625E00A0E889 /* HorizontalCollectionViewCell.swift */; };
		3C4BDBF224C1625E00A0E889 /* HorizontalCollectionViewCell.xib in Resources */ = {isa = PBXBuildFile; fileRef = 3C4BDBF024C1625E00A0E889 /* HorizontalCollectionViewCell.xib */; };
		3C4FD3D024C4884200E9395F /* SearchViewController.swift in Sources */ = {isa = PBXBuildFile; fileRef = 3C4FD3CF24C4884200E9395F /* SearchViewController.swift */; };
		3CAEF17B24BDDE5900D3EAAC /* AppDelegate.swift in Sources */ = {isa = PBXBuildFile; fileRef = 3CAEF17A24BDDE5900D3EAAC /* AppDelegate.swift */; };
		3CAEF17D24BDDE5900D3EAAC /* MainViewController.swift in Sources */ = {isa = PBXBuildFile; fileRef = 3CAEF17C24BDDE5900D3EAAC /* MainViewController.swift */; };
		3CAEF18024BDDE5900D3EAAC /* Main.storyboard in Resources */ = {isa = PBXBuildFile; fileRef = 3CAEF17E24BDDE5900D3EAAC /* Main.storyboard */; };
		3CAEF18224BDDE5D00D3EAAC /* Assets.xcassets in Resources */ = {isa = PBXBuildFile; fileRef = 3CAEF18124BDDE5D00D3EAAC /* Assets.xcassets */; };
		3CAEF18524BDDE5D00D3EAAC /* LaunchScreen.storyboard in Resources */ = {isa = PBXBuildFile; fileRef = 3CAEF18324BDDE5D00D3EAAC /* LaunchScreen.storyboard */; };
		3CFC594724C6804A00C87430 /* HeaderTableViewCell.swift in Sources */ = {isa = PBXBuildFile; fileRef = 3CFC594524C6804A00C87430 /* HeaderTableViewCell.swift */; };
		3CFC594824C6804A00C87430 /* HeaderTableViewCell.xib in Resources */ = {isa = PBXBuildFile; fileRef = 3CFC594624C6804A00C87430 /* HeaderTableViewCell.xib */; };
		C74C9735D515EAAB43589E3A /* Pods_WeatherSimpleApp.framework in Frameworks */ = {isa = PBXBuildFile; fileRef = DABA85419268055283F4BDE4 /* Pods_WeatherSimpleApp.framework */; };
/* End PBXBuildFile section */

/* Begin PBXFileReference section */
		3C09FC7624C228AC0080FAF3 /* PositionManager.swift */ = {isa = PBXFileReference; lastKnownFileType = sourcecode.swift; path = PositionManager.swift; sourceTree = "<group>"; };
		3C1C61A124BE944600D19EEF /* WeatherDataStruct.swift */ = {isa = PBXFileReference; lastKnownFileType = sourcecode.swift; path = WeatherDataStruct.swift; sourceTree = "<group>"; };
		3C2CA5C424BDE24F007E0DB2 /* DaysTableViewCell.swift */ = {isa = PBXFileReference; lastKnownFileType = sourcecode.swift; path = DaysTableViewCell.swift; sourceTree = "<group>"; };
		3C2CA5C524BDE24F007E0DB2 /* DaysTableViewCell.xib */ = {isa = PBXFileReference; lastKnownFileType = file.xib; path = DaysTableViewCell.xib; sourceTree = "<group>"; };
		3C2CA5C824BDE298007E0DB2 /* HourlyTableViewCell.swift */ = {isa = PBXFileReference; lastKnownFileType = sourcecode.swift; path = HourlyTableViewCell.swift; sourceTree = "<group>"; };
		3C2CA5C924BDE298007E0DB2 /* HourlyTableViewCell.xib */ = {isa = PBXFileReference; lastKnownFileType = file.xib; path = HourlyTableViewCell.xib; sourceTree = "<group>"; };
		3C2CA5CE24BDFF50007E0DB2 /* MapViewController.swift */ = {isa = PBXFileReference; lastKnownFileType = sourcecode.swift; path = MapViewController.swift; sourceTree = "<group>"; };
		3C4BDBEF24C1625E00A0E889 /* HorizontalCollectionViewCell.swift */ = {isa = PBXFileReference; lastKnownFileType = sourcecode.swift; path = HorizontalCollectionViewCell.swift; sourceTree = "<group>"; };
		3C4BDBF024C1625E00A0E889 /* HorizontalCollectionViewCell.xib */ = {isa = PBXFileReference; lastKnownFileType = file.xib; path = HorizontalCollectionViewCell.xib; sourceTree = "<group>"; };
		3C4FD3CF24C4884200E9395F /* SearchViewController.swift */ = {isa = PBXFileReference; lastKnownFileType = sourcecode.swift; path = SearchViewController.swift; sourceTree = "<group>"; };
		3CAEF17724BDDE5900D3EAAC /* WeatherSimpleApp.app */ = {isa = PBXFileReference; explicitFileType = wrapper.application; includeInIndex = 0; path = WeatherSimpleApp.app; sourceTree = BUILT_PRODUCTS_DIR; };
		3CAEF17A24BDDE5900D3EAAC /* AppDelegate.swift */ = {isa = PBXFileReference; lastKnownFileType = sourcecode.swift; path = AppDelegate.swift; sourceTree = "<group>"; };
		3CAEF17C24BDDE5900D3EAAC /* MainViewController.swift */ = {isa = PBXFileReference; lastKnownFileType = sourcecode.swift; path = MainViewController.swift; sourceTree = "<group>"; };
		3CAEF17F24BDDE5900D3EAAC /* Base */ = {isa = PBXFileReference; lastKnownFileType = file.storyboard; name = Base; path = Base.lproj/Main.storyboard; sourceTree = "<group>"; };
		3CAEF18124BDDE5D00D3EAAC /* Assets.xcassets */ = {isa = PBXFileReference; lastKnownFileType = folder.assetcatalog; path = Assets.xcassets; sourceTree = "<group>"; };
		3CAEF18424BDDE5D00D3EAAC /* Base */ = {isa = PBXFileReference; lastKnownFileType = file.storyboard; name = Base; path = Base.lproj/LaunchScreen.storyboard; sourceTree = "<group>"; };
		3CAEF18624BDDE5D00D3EAAC /* Info.plist */ = {isa = PBXFileReference; lastKnownFileType = text.plist.xml; path = Info.plist; sourceTree = "<group>"; };
		3CFC594524C6804A00C87430 /* HeaderTableViewCell.swift */ = {isa = PBXFileReference; lastKnownFileType = sourcecode.swift; path = HeaderTableViewCell.swift; sourceTree = "<group>"; };
		3CFC594624C6804A00C87430 /* HeaderTableViewCell.xib */ = {isa = PBXFileReference; lastKnownFileType = file.xib; path = HeaderTableViewCell.xib; sourceTree = "<group>"; };
		414D1C3864AC080DB13F1A78 /* Pods-WeatherSimpleApp.release.xcconfig */ = {isa = PBXFileReference; includeInIndex = 1; lastKnownFileType = text.xcconfig; name = "Pods-WeatherSimpleApp.release.xcconfig"; path = "Target Support Files/Pods-WeatherSimpleApp/Pods-WeatherSimpleApp.release.xcconfig"; sourceTree = "<group>"; };
		DABA85419268055283F4BDE4 /* Pods_WeatherSimpleApp.framework */ = {isa = PBXFileReference; explicitFileType = wrapper.framework; includeInIndex = 0; path = Pods_WeatherSimpleApp.framework; sourceTree = BUILT_PRODUCTS_DIR; };
		E19348571B47F162F1F44ABE /* Pods-WeatherSimpleApp.debug.xcconfig */ = {isa = PBXFileReference; includeInIndex = 1; lastKnownFileType = text.xcconfig; name = "Pods-WeatherSimpleApp.debug.xcconfig"; path = "Target Support Files/Pods-WeatherSimpleApp/Pods-WeatherSimpleApp.debug.xcconfig"; sourceTree = "<group>"; };
/* End PBXFileReference section */

/* Begin PBXFrameworksBuildPhase section */
		3CAEF17424BDDE5800D3EAAC /* Frameworks */ = {
			isa = PBXFrameworksBuildPhase;
			buildActionMask = 2147483647;
			files = (
				C74C9735D515EAAB43589E3A /* Pods_WeatherSimpleApp.framework in Frameworks */,
			);
			runOnlyForDeploymentPostprocessing = 0;
		};
/* End PBXFrameworksBuildPhase section */

/* Begin PBXGroup section */
		3C2CA5C224BDE186007E0DB2 /* HourlyTableViewCell */ = {
			isa = PBXGroup;
			children = (
				3C4BDBEE24C1622600A0E889 /* CollectionViewCell */,
				3C2CA5C824BDE298007E0DB2 /* HourlyTableViewCell.swift */,
				3C2CA5C924BDE298007E0DB2 /* HourlyTableViewCell.xib */,
			);
			path = HourlyTableViewCell;
			sourceTree = "<group>";
		};
		3C2CA5C324BDE1C7007E0DB2 /* DaysTableViewCell */ = {
			isa = PBXGroup;
			children = (
				3C2CA5C424BDE24F007E0DB2 /* DaysTableViewCell.swift */,
				3C2CA5C524BDE24F007E0DB2 /* DaysTableViewCell.xib */,
			);
			path = DaysTableViewCell;
			sourceTree = "<group>";
		};
		3C4BDBEE24C1622600A0E889 /* CollectionViewCell */ = {
			isa = PBXGroup;
			children = (
				3C4BDBEF24C1625E00A0E889 /* HorizontalCollectionViewCell.swift */,
				3C4BDBF024C1625E00A0E889 /* HorizontalCollectionViewCell.xib */,
			);
			path = CollectionViewCell;
			sourceTree = "<group>";
		};
		3CAEF16E24BDDE5800D3EAAC = {
			isa = PBXGroup;
			children = (
				3CAEF17924BDDE5900D3EAAC /* WeatherSimpleApp */,
				3CAEF17824BDDE5900D3EAAC /* Products */,
				A62572E8B256DD01A5838CA9 /* Pods */,
				6732C13CBEE44F9E86DB2A3B /* Frameworks */,
			);
			sourceTree = "<group>";
		};
		3CAEF17824BDDE5900D3EAAC /* Products */ = {
			isa = PBXGroup;
			children = (
				3CAEF17724BDDE5900D3EAAC /* WeatherSimpleApp.app */,
			);
			name = Products;
			sourceTree = "<group>";
		};
		3CAEF17924BDDE5900D3EAAC /* WeatherSimpleApp */ = {
			isa = PBXGroup;
			children = (
				3CAEF17A24BDDE5900D3EAAC /* AppDelegate.swift */,
				3CFC594424C6802700C87430 /* HeaderView */,
				3C2CA5C224BDE186007E0DB2 /* HourlyTableViewCell */,
				3C2CA5C324BDE1C7007E0DB2 /* DaysTableViewCell */,
				3CAEF17C24BDDE5900D3EAAC /* MainViewController.swift */,
				3C2CA5CE24BDFF50007E0DB2 /* MapViewController.swift */,
				3C09FC7624C228AC0080FAF3 /* PositionManager.swift */,
				3C1C61A124BE944600D19EEF /* WeatherDataStruct.swift */,
				3C4FD3CF24C4884200E9395F /* SearchViewController.swift */,
				3CAEF18124BDDE5D00D3EAAC /* Assets.xcassets */,
				3CAEF17E24BDDE5900D3EAAC /* Main.storyboard */,
				3CAEF18324BDDE5D00D3EAAC /* LaunchScreen.storyboard */,
				3CAEF18624BDDE5D00D3EAAC /* Info.plist */,
			);
			path = WeatherSimpleApp;
			sourceTree = "<group>";
		};
		3CFC594424C6802700C87430 /* HeaderView */ = {
			isa = PBXGroup;
			children = (
				3CFC594524C6804A00C87430 /* HeaderTableViewCell.swift */,
				3CFC594624C6804A00C87430 /* HeaderTableViewCell.xib */,
			);
			path = HeaderView;
			sourceTree = "<group>";
		};
		6732C13CBEE44F9E86DB2A3B /* Frameworks */ = {
			isa = PBXGroup;
			children = (
				DABA85419268055283F4BDE4 /* Pods_WeatherSimpleApp.framework */,
			);
			name = Frameworks;
			sourceTree = "<group>";
		};
		A62572E8B256DD01A5838CA9 /* Pods */ = {
			isa = PBXGroup;
			children = (
				E19348571B47F162F1F44ABE /* Pods-WeatherSimpleApp.debug.xcconfig */,
				414D1C3864AC080DB13F1A78 /* Pods-WeatherSimpleApp.release.xcconfig */,
			);
			path = Pods;
			sourceTree = "<group>";
		};
/* End PBXGroup section */

/* Begin PBXNativeTarget section */
		3CAEF17624BDDE5800D3EAAC /* WeatherSimpleApp */ = {
			isa = PBXNativeTarget;
			buildConfigurationList = 3CAEF18924BDDE5D00D3EAAC /* Build configuration list for PBXNativeTarget "WeatherSimpleApp" */;
			buildPhases = (
				3422AF596CFAEE159E50B283 /* [CP] Check Pods Manifest.lock */,
				3CAEF17324BDDE5800D3EAAC /* Sources */,
				3CAEF17424BDDE5800D3EAAC /* Frameworks */,
				3CAEF17524BDDE5800D3EAAC /* Resources */,
				2498B4A876523D201A7218FE /* [CP] Embed Pods Frameworks */,
			);
			buildRules = (
			);
			dependencies = (
			);
			name = WeatherSimpleApp;
			productName = WeatherSimpleApp;
			productReference = 3CAEF17724BDDE5900D3EAAC /* WeatherSimpleApp.app */;
			productType = "com.apple.product-type.application";
		};
/* End PBXNativeTarget section */

/* Begin PBXProject section */
		3CAEF16F24BDDE5800D3EAAC /* Project object */ = {
			isa = PBXProject;
			attributes = {
				LastSwiftUpdateCheck = 1010;
				LastUpgradeCheck = 1010;
				ORGANIZATIONNAME = Valerii;
				TargetAttributes = {
					3CAEF17624BDDE5800D3EAAC = {
						CreatedOnToolsVersion = 10.1;
					};
				};
			};
			buildConfigurationList = 3CAEF17224BDDE5800D3EAAC /* Build configuration list for PBXProject "WeatherSimpleApp" */;
			compatibilityVersion = "Xcode 9.3";
			developmentRegion = en;
			hasScannedForEncodings = 0;
			knownRegions = (
				en,
				Base,
			);
			mainGroup = 3CAEF16E24BDDE5800D3EAAC;
			productRefGroup = 3CAEF17824BDDE5900D3EAAC /* Products */;
			projectDirPath = "";
			projectRoot = "";
			targets = (
				3CAEF17624BDDE5800D3EAAC /* WeatherSimpleApp */,
			);
		};
/* End PBXProject section */

/* Begin PBXResourcesBuildPhase section */
		3CAEF17524BDDE5800D3EAAC /* Resources */ = {
			isa = PBXResourcesBuildPhase;
			buildActionMask = 2147483647;
			files = (
				3CAEF18524BDDE5D00D3EAAC /* LaunchScreen.storyboard in Resources */,
				3CFC594824C6804A00C87430 /* HeaderTableViewCell.xib in Resources */,
				3C2CA5CB24BDE298007E0DB2 /* HourlyTableViewCell.xib in Resources */,
				3CAEF18224BDDE5D00D3EAAC /* Assets.xcassets in Resources */,
				3C4BDBF224C1625E00A0E889 /* HorizontalCollectionViewCell.xib in Resources */,
				3C2CA5C724BDE24F007E0DB2 /* DaysTableViewCell.xib in Resources */,
				3CAEF18024BDDE5900D3EAAC /* Main.storyboard in Resources */,
			);
			runOnlyForDeploymentPostprocessing = 0;
		};
/* End PBXResourcesBuildPhase section */

/* Begin PBXShellScriptBuildPhase section */
		2498B4A876523D201A7218FE /* [CP] Embed Pods Frameworks */ = {
			isa = PBXShellScriptBuildPhase;
			buildActionMask = 2147483647;
			files = (
			);
			inputFileListPaths = (
				"${PODS_ROOT}/Target Support Files/Pods-WeatherSimpleApp/Pods-WeatherSimpleApp-frameworks-${CONFIGURATION}-input-files.xcfilelist",
			);
			name = "[CP] Embed Pods Frameworks";
			outputFileListPaths = (
				"${PODS_ROOT}/Target Support Files/Pods-WeatherSimpleApp/Pods-WeatherSimpleApp-frameworks-${CONFIGURATION}-output-files.xcfilelist",
			);
			runOnlyForDeploymentPostprocessing = 0;
			shellPath = /bin/sh;
			shellScript = "\"${PODS_ROOT}/Target Support Files/Pods-WeatherSimpleApp/Pods-WeatherSimpleApp-frameworks.sh\"\n";
			showEnvVarsInLog = 0;
		};
		3422AF596CFAEE159E50B283 /* [CP] Check Pods Manifest.lock */ = {
			isa = PBXShellScriptBuildPhase;
			buildActionMask = 2147483647;
			files = (
			);
			inputFileListPaths = (
			);
			inputPaths = (
				"${PODS_PODFILE_DIR_PATH}/Podfile.lock",
				"${PODS_ROOT}/Manifest.lock",
			);
			name = "[CP] Check Pods Manifest.lock";
			outputFileListPaths = (
			);
			outputPaths = (
				"$(DERIVED_FILE_DIR)/Pods-WeatherSimpleApp-checkManifestLockResult.txt",
			);
			runOnlyForDeploymentPostprocessing = 0;
			shellPath = /bin/sh;
			shellScript = "diff \"${PODS_PODFILE_DIR_PATH}/Podfile.lock\" \"${PODS_ROOT}/Manifest.lock\" > /dev/null\nif [ $? != 0 ] ; then\n    # print error to STDERR\n    echo \"error: The sandbox is not in sync with the Podfile.lock. Run 'pod install' or update your CocoaPods installation.\" >&2\n    exit 1\nfi\n# This output is used by Xcode 'outputs' to avoid re-running this script phase.\necho \"SUCCESS\" > \"${SCRIPT_OUTPUT_FILE_0}\"\n";
			showEnvVarsInLog = 0;
		};
/* End PBXShellScriptBuildPhase section */

/* Begin PBXSourcesBuildPhase section */
		3CAEF17324BDDE5800D3EAAC /* Sources */ = {
			isa = PBXSourcesBuildPhase;
			buildActionMask = 2147483647;
			files = (
				3C09FC7724C228AC0080FAF3 /* PositionManager.swift in Sources */,
				3CAEF17D24BDDE5900D3EAAC /* MainViewController.swift in Sources */,
				3C1C61A224BE944600D19EEF /* WeatherDataStruct.swift in Sources */,
				3C4FD3D024C4884200E9395F /* SearchViewController.swift in Sources */,
				3C2CA5C624BDE24F007E0DB2 /* DaysTableViewCell.swift in Sources */,
				3C2CA5CA24BDE298007E0DB2 /* HourlyTableViewCell.swift in Sources */,
				3CFC594724C6804A00C87430 /* HeaderTableViewCell.swift in Sources */,
				3C2CA5CF24BDFF50007E0DB2 /* MapViewController.swift in Sources */,
				3CAEF17B24BDDE5900D3EAAC /* AppDelegate.swift in Sources */,
				3C4BDBF124C1625E00A0E889 /* HorizontalCollectionViewCell.swift in Sources */,
			);
			runOnlyForDeploymentPostprocessing = 0;
		};
/* End PBXSourcesBuildPhase section */

/* Begin PBXVariantGroup section */
		3CAEF17E24BDDE5900D3EAAC /* Main.storyboard */ = {
			isa = PBXVariantGroup;
			children = (
				3CAEF17F24BDDE5900D3EAAC /* Base */,
			);
			name = Main.storyboard;
			sourceTree = "<group>";
		};
		3CAEF18324BDDE5D00D3EAAC /* LaunchScreen.storyboard */ = {
			isa = PBXVariantGroup;
			children = (
				3CAEF18424BDDE5D00D3EAAC /* Base */,
			);
			name = LaunchScreen.storyboard;
			sourceTree = "<group>";
		};
/* End PBXVariantGroup section */

/* Begin XCBuildConfiguration section */
		3CAEF18724BDDE5D00D3EAAC /* Debug */ = {
			isa = XCBuildConfiguration;
			buildSettings = {
				ALWAYS_SEARCH_USER_PATHS = NO;
				CLANG_ANALYZER_NONNULL = YES;
				CLANG_ANALYZER_NUMBER_OBJECT_CONVERSION = YES_AGGRESSIVE;
				CLANG_CXX_LANGUAGE_STANDARD = "gnu++14";
				CLANG_CXX_LIBRARY = "libc++";
				CLANG_ENABLE_MODULES = YES;
				CLANG_ENABLE_OBJC_ARC = YES;
				CLANG_ENABLE_OBJC_WEAK = YES;
				CLANG_WARN_BLOCK_CAPTURE_AUTORELEASING = YES;
				CLANG_WARN_BOOL_CONVERSION = YES;
				CLANG_WARN_COMMA = YES;
				CLANG_WARN_CONSTANT_CONVERSION = YES;
				CLANG_WARN_DEPRECATED_OBJC_IMPLEMENTATIONS = YES;
				CLANG_WARN_DIRECT_OBJC_ISA_USAGE = YES_ERROR;
				CLANG_WARN_DOCUMENTATION_COMMENTS = YES;
				CLANG_WARN_EMPTY_BODY = YES;
				CLANG_WARN_ENUM_CONVERSION = YES;
				CLANG_WARN_INFINITE_RECURSION = YES;
				CLANG_WARN_INT_CONVERSION = YES;
				CLANG_WARN_NON_LITERAL_NULL_CONVERSION = YES;
				CLANG_WARN_OBJC_IMPLICIT_RETAIN_SELF = YES;
				CLANG_WARN_OBJC_LITERAL_CONVERSION = YES;
				CLANG_WARN_OBJC_ROOT_CLASS = YES_ERROR;
				CLANG_WARN_RANGE_LOOP_ANALYSIS = YES;
				CLANG_WARN_STRICT_PROTOTYPES = YES;
				CLANG_WARN_SUSPICIOUS_MOVE = YES;
				CLANG_WARN_UNGUARDED_AVAILABILITY = YES_AGGRESSIVE;
				CLANG_WARN_UNREACHABLE_CODE = YES;
				CLANG_WARN__DUPLICATE_METHOD_MATCH = YES;
				CODE_SIGN_IDENTITY = "iPhone Developer";
				COPY_PHASE_STRIP = NO;
				DEBUG_INFORMATION_FORMAT = dwarf;
				ENABLE_STRICT_OBJC_MSGSEND = YES;
				ENABLE_TESTABILITY = YES;
				GCC_C_LANGUAGE_STANDARD = gnu11;
				GCC_DYNAMIC_NO_PIC = NO;
				GCC_NO_COMMON_BLOCKS = YES;
				GCC_OPTIMIZATION_LEVEL = 0;
				GCC_PREPROCESSOR_DEFINITIONS = (
					"DEBUG=1",
					"$(inherited)",
				);
				GCC_WARN_64_TO_32_BIT_CONVERSION = YES;
				GCC_WARN_ABOUT_RETURN_TYPE = YES_ERROR;
				GCC_WARN_UNDECLARED_SELECTOR = YES;
				GCC_WARN_UNINITIALIZED_AUTOS = YES_AGGRESSIVE;
				GCC_WARN_UNUSED_FUNCTION = YES;
				GCC_WARN_UNUSED_VARIABLE = YES;
				IPHONEOS_DEPLOYMENT_TARGET = 12.1;
				MTL_ENABLE_DEBUG_INFO = INCLUDE_SOURCE;
				MTL_FAST_MATH = YES;
				ONLY_ACTIVE_ARCH = YES;
				SDKROOT = iphoneos;
				SWIFT_ACTIVE_COMPILATION_CONDITIONS = DEBUG;
				SWIFT_OPTIMIZATION_LEVEL = "-Onone";
			};
			name = Debug;
		};
		3CAEF18824BDDE5D00D3EAAC /* Release */ = {
			isa = XCBuildConfiguration;
			buildSettings = {
				ALWAYS_SEARCH_USER_PATHS = NO;
				CLANG_ANALYZER_NONNULL = YES;
				CLANG_ANALYZER_NUMBER_OBJECT_CONVERSION = YES_AGGRESSIVE;
				CLANG_CXX_LANGUAGE_STANDARD = "gnu++14";
				CLANG_CXX_LIBRARY = "libc++";
				CLANG_ENABLE_MODULES = YES;
				CLANG_ENABLE_OBJC_ARC = YES;
				CLANG_ENABLE_OBJC_WEAK = YES;
				CLANG_WARN_BLOCK_CAPTURE_AUTORELEASING = YES;
				CLANG_WARN_BOOL_CONVERSION = YES;
				CLANG_WARN_COMMA = YES;
				CLANG_WARN_CONSTANT_CONVERSION = YES;
				CLANG_WARN_DEPRECATED_OBJC_IMPLEMENTATIONS = YES;
				CLANG_WARN_DIRECT_OBJC_ISA_USAGE = YES_ERROR;
				CLANG_WARN_DOCUMENTATION_COMMENTS = YES;
				CLANG_WARN_EMPTY_BODY = YES;
				CLANG_WARN_ENUM_CONVERSION = YES;
				CLANG_WARN_INFINITE_RECURSION = YES;
				CLANG_WARN_INT_CONVERSION = YES;
				CLANG_WARN_NON_LITERAL_NULL_CONVERSION = YES;
				CLANG_WARN_OBJC_IMPLICIT_RETAIN_SELF = YES;
				CLANG_WARN_OBJC_LITERAL_CONVERSION = YES;
				CLANG_WARN_OBJC_ROOT_CLASS = YES_ERROR;
				CLANG_WARN_RANGE_LOOP_ANALYSIS = YES;
				CLANG_WARN_STRICT_PROTOTYPES = YES;
				CLANG_WARN_SUSPICIOUS_MOVE = YES;
				CLANG_WARN_UNGUARDED_AVAILABILITY = YES_AGGRESSIVE;
				CLANG_WARN_UNREACHABLE_CODE = YES;
				CLANG_WARN__DUPLICATE_METHOD_MATCH = YES;
				CODE_SIGN_IDENTITY = "iPhone Developer";
				COPY_PHASE_STRIP = NO;
				DEBUG_INFORMATION_FORMAT = "dwarf-with-dsym";
				ENABLE_NS_ASSERTIONS = NO;
				ENABLE_STRICT_OBJC_MSGSEND = YES;
				GCC_C_LANGUAGE_STANDARD = gnu11;
				GCC_NO_COMMON_BLOCKS = YES;
				GCC_WARN_64_TO_32_BIT_CONVERSION = YES;
				GCC_WARN_ABOUT_RETURN_TYPE = YES_ERROR;
				GCC_WARN_UNDECLARED_SELECTOR = YES;
				GCC_WARN_UNINITIALIZED_AUTOS = YES_AGGRESSIVE;
				GCC_WARN_UNUSED_FUNCTION = YES;
				GCC_WARN_UNUSED_VARIABLE = YES;
				IPHONEOS_DEPLOYMENT_TARGET = 12.1;
				MTL_ENABLE_DEBUG_INFO = NO;
				MTL_FAST_MATH = YES;
				SDKROOT = iphoneos;
				SWIFT_COMPILATION_MODE = wholemodule;
				SWIFT_OPTIMIZATION_LEVEL = "-O";
				VALIDATE_PRODUCT = YES;
			};
			name = Release;
		};
		3CAEF18A24BDDE5D00D3EAAC /* Debug */ = {
			isa = XCBuildConfiguration;
			baseConfigurationReference = E19348571B47F162F1F44ABE /* Pods-WeatherSimpleApp.debug.xcconfig */;
			buildSettings = {
				ASSETCATALOG_COMPILER_APPICON_NAME = AppIcon;
				CODE_SIGN_STYLE = Automatic;
				INFOPLIST_FILE = WeatherSimpleApp/Info.plist;
				IPHONEOS_DEPLOYMENT_TARGET = 12.1;
				LD_RUNPATH_SEARCH_PATHS = (
					"$(inherited)",
					"@executable_path/Frameworks",
				);
				PRODUCT_BUNDLE_IDENTIFIER = com.valerii.WeatherSimpleApp;
				PRODUCT_NAME = "$(TARGET_NAME)";
				SWIFT_VERSION = 4.2;
				TARGETED_DEVICE_FAMILY = "1,2";
			};
			name = Debug;
		};
		3CAEF18B24BDDE5D00D3EAAC /* Release */ = {
			isa = XCBuildConfiguration;
			baseConfigurationReference = 414D1C3864AC080DB13F1A78 /* Pods-WeatherSimpleApp.release.xcconfig */;
			buildSettings = {
				ASSETCATALOG_COMPILER_APPICON_NAME = AppIcon;
				CODE_SIGN_STYLE = Automatic;
				INFOPLIST_FILE = WeatherSimpleApp/Info.plist;
				IPHONEOS_DEPLOYMENT_TARGET = 12.1;
				LD_RUNPATH_SEARCH_PATHS = (
					"$(inherited)",
					"@executable_path/Frameworks",
				);
				PRODUCT_BUNDLE_IDENTIFIER = com.valerii.WeatherSimpleApp;
				PRODUCT_NAME = "$(TARGET_NAME)";
				SWIFT_VERSION = 4.2;
				TARGETED_DEVICE_FAMILY = "1,2";
			};
			name = Release;
		};
/* End XCBuildConfiguration section */

/* Begin XCConfigurationList section */
		3CAEF17224BDDE5800D3EAAC /* Build configuration list for PBXProject "WeatherSimpleApp" */ = {
			isa = XCConfigurationList;
			buildConfigurations = (
				3CAEF18724BDDE5D00D3EAAC /* Debug */,
				3CAEF18824BDDE5D00D3EAAC /* Release */,
			);
			defaultConfigurationIsVisible = 0;
			defaultConfigurationName = Release;
		};
		3CAEF18924BDDE5D00D3EAAC /* Build configuration list for PBXNativeTarget "WeatherSimpleApp" */ = {
			isa = XCConfigurationList;
			buildConfigurations = (
				3CAEF18A24BDDE5D00D3EAAC /* Debug */,
				3CAEF18B24BDDE5D00D3EAAC /* Release */,
			);
			defaultConfigurationIsVisible = 0;
			defaultConfigurationName = Release;
		};
/* End XCConfigurationList section */
	};
	rootObject = 3CAEF16F24BDDE5800D3EAAC /* Project object */;
}
